
Microsoft Visual Studio Solution File, Format Version 12.00
# Visual Studio 15
VisualStudioVersion = 15.0.26124.0
MinimumVisualStudioVersion = 15.0.26124.0
Project("{FAE04EC0-301F-11D3-BF4B-00C04F79EFBC}") = "DetectLanguage", "DetectLanguage\DetectLanguage.csproj", "{7FA55FC0-E202-4B86-8AC8-7C80CC4761AD}"
EndProject
Project("{FAE04EC0-301F-11D3-BF4B-00C04F79EFBC}") = "DetectLanguage.Tests", "DetectLanguage.Tests\DetectLanguage.Tests.csproj", "{46F061AC-D4F8-4802-A77D-0D6D6D0F5844}"
EndProject
Global
	GlobalSection(SolutionConfigurationPlatforms) = preSolution
		Debug|Any CPU = Debug|Any CPU
		Debug|x64 = Debug|x64
		Debug|x86 = Debug|x86
		Release|Any CPU = Release|Any CPU
		Release|x64 = Release|x64
		Release|x86 = Release|x86
	EndGlobalSection
	GlobalSection(SolutionProperties) = preSolution
		HideSolutionNode = FALSE
	EndGlobalSection
	GlobalSection(ProjectConfigurationPlatforms) = postSolution
		{7FA55FC0-E202-4B86-8AC8-7C80CC4761AD}.Debug|Any CPU.ActiveCfg = Debug|Any CPU
		{7FA55FC0-E202-4B86-8AC8-7C80CC4761AD}.Debug|Any CPU.Build.0 = Debug|Any CPU
		{7FA55FC0-E202-4B86-8AC8-7C80CC4761AD}.Debug|x64.ActiveCfg = Debug|Any CPU
		{7FA55FC0-E202-4B86-8AC8-7C80CC4761AD}.Debug|x64.Build.0 = Debug|Any CPU
		{7FA55FC0-E202-4B86-8AC8-7C80CC4761AD}.Debug|x86.ActiveCfg = Debug|Any CPU
		{7FA55FC0-E202-4B86-8AC8-7C80CC4761AD}.Debug|x86.Build.0 = Debug|Any CPU
		{7FA55FC0-E202-4B86-8AC8-7C80CC4761AD}.Release|Any CPU.ActiveCfg = Release|Any CPU
		{7FA55FC0-E202-4B86-8AC8-7C80CC4761AD}.Release|Any CPU.Build.0 = Release|Any CPU
		{7FA55FC0-E202-4B86-8AC8-7C80CC4761AD}.Release|x64.ActiveCfg = Release|Any CPU
		{7FA55FC0-E202-4B86-8AC8-7C80CC4761AD}.Release|x64.Build.0 = Release|Any CPU
		{7FA55FC0-E202-4B86-8AC8-7C80CC4761AD}.Release|x86.ActiveCfg = Release|Any CPU
		{7FA55FC0-E202-4B86-8AC8-7C80CC4761AD}.Release|x86.Build.0 = Release|Any CPU
		{46F061AC-D4F8-4802-A77D-0D6D6D0F5844}.Debug|Any CPU.ActiveCfg = Debug|Any CPU
		{46F061AC-D4F8-4802-A77D-0D6D6D0F5844}.Debug|Any CPU.Build.0 = Debug|Any CPU
		{46F061AC-D4F8-4802-A77D-0D6D6D0F5844}.Debug|x64.ActiveCfg = Debug|Any CPU
		{46F061AC-D4F8-4802-A77D-0D6D6D0F5844}.Debug|x64.Build.0 = Debug|Any CPU
		{46F061AC-D4F8-4802-A77D-0D6D6D0F5844}.Debug|x86.ActiveCfg = Debug|Any CPU
		{46F061AC-D4F8-4802-A77D-0D6D6D0F5844}.Debug|x86.Build.0 = Debug|Any CPU
		{46F061AC-D4F8-4802-A77D-0D6D6D0F5844}.Release|Any CPU.ActiveCfg = Release|Any CPU
		{46F061AC-D4F8-4802-A77D-0D6D6D0F5844}.Release|Any CPU.Build.0 = Release|Any CPU
		{46F061AC-D4F8-4802-A77D-0D6D6D0F5844}.Release|x64.ActiveCfg = Release|Any CPU
		{46F061AC-D4F8-4802-A77D-0D6D6D0F5844}.Release|x64.Build.0 = Release|Any CPU
		{46F061AC-D4F8-4802-A77D-0D6D6D0F5844}.Release|x86.ActiveCfg = Release|Any CPU
		{46F061AC-D4F8-4802-A77D-0D6D6D0F5844}.Release|x86.Build.0 = Release|Any CPU
	EndGlobalSection
EndGlobal
